
Microsoft Visual Studio Solution File, Format Version 12.00
# Visual Studio Version 17
VisualStudioVersion = 17.14.36705.20
MinimumVisualStudioVersion = 10.0.40219.1
Project("{2150E333-8FDC-42A3-9474-1A3956D46DE8}") = "Task0", "Task0", "{02EA681E-C7D8-13C7-8484-4AC65E1B71E8}"
EndProject
Project("{FAE04EC0-301F-11D3-BF4B-00C04F79EFBC}") = "Tyuiu.DewjaterikowaAA.Sprint6.Task0.V9.Lib", "Tyuiu.DewjaterikowaAA.Sprint6.Task0.V9.Lib\Tyuiu.DewjaterikowaAA.Sprint6.Task0.V9.Lib.csproj", "{8BCC41B8-44E9-4795-81D1-329D293A26F9}"
EndProject
Project("{FAE04EC0-301F-11D3-BF4B-00C04F79EFBC}") = "Tyuiu.DewjaterikowaAA.Sprint6.Task0.V9.Test", "Tyuiu.DewjaterikowaAA.Sprint6.Task0.V9.Test\Tyuiu.DewjaterikowaAA.Sprint6.Task0.V9.Test.csproj", "{C0B8319E-3E05-4088-8939-D7E6D76F32CC}"
EndProject
Project("{FAE04EC0-301F-11D3-BF4B-00C04F79EFBC}") = "Tyuiu.DewjaterikowaAA.Sprint6.Task0.V9", "Tyuiu.DewjaterikowaAA.Sprint6.Task0.V9\Tyuiu.DewjaterikowaAA.Sprint6.Task0.V9.csproj", "{4E764C2E-6DC3-477D-BAD1-72E1E95E36A2}"
EndProject
Project("{2150E333-8FDC-42A3-9474-1A3956D46DE8}") = "Task1", "Task1", "{A4C5EF21-06A4-46B1-858C-A40F1AEC8BD2}"
EndProject
Project("{FAE04EC0-301F-11D3-BF4B-00C04F79EFBC}") = "Tyuiu.DewjaterikowaAA.Sprint6.Task1.V10.Lib", "Tyuiu.DewjaterikowaAA.Sprint6.Task1.V10.Lib\Tyuiu.DewjaterikowaAA.Sprint6.Task1.V10.Lib.csproj", "{9DD647D0-2A60-4450-AD27-5EDFFD8A0FF8}"
EndProject
Project("{FAE04EC0-301F-11D3-BF4B-00C04F79EFBC}") = "Tyuiu.DewjaterikowaAA.Sprint6.Task1.V10.Test", "Tyuiu.DewjaterikowaAA.Sprint6.Task1.V10.Test\Tyuiu.DewjaterikowaAA.Sprint6.Task1.V10.Test.csproj", "{D5B2295F-3F44-4E5E-9682-ACC2A0606098}"
EndProject
Project("{FAE04EC0-301F-11D3-BF4B-00C04F79EFBC}") = "Tyuiu.DewjaterikowaAA.Sprint6.Task1.V10", "Tyuiu.DewjaterikowaAA.Sprint6.Task1.V10\Tyuiu.DewjaterikowaAA.Sprint6.Task1.V10.csproj", "{787ADF6F-E7DA-4B09-A50D-D862662A5761}"
EndProject
Project("{2150E333-8FDC-42A3-9474-1A3956D46DE8}") = "Task2", "Task2", "{7907C74F-A517-4019-873A-60A501D964CF}"
EndProject
Project("{FAE04EC0-301F-11D3-BF4B-00C04F79EFBC}") = "Tyuiu.DewjaterikowaAA.Sprint6.Task2.V9.Lib", "Tyuiu.DewjaterikowaAA.Sprint6.Task2.V9.Lib\Tyuiu.DewjaterikowaAA.Sprint6.Task2.V9.Lib.csproj", "{C3042613-6A21-4A13-AE30-17D48ED08C0C}"
EndProject
Project("{FAE04EC0-301F-11D3-BF4B-00C04F79EFBC}") = "Tyuiu.DewjaterikowaAA.Sprint6.Task2.V9.Test", "Tyuiu.DewjaterikowaAA.Sprint6.Task2.V9.Test\Tyuiu.DewjaterikowaAA.Sprint6.Task2.V9.Test.csproj", "{26D2269D-30FE-4976-96BD-8502D2D5E0BF}"
EndProject
Project("{FAE04EC0-301F-11D3-BF4B-00C04F79EFBC}") = "Tyuiu.DewjaterikowaAA.Sprint6.Task2.V9", "Tyuiu.DewjaterikowaAA.Sprint6.Task2.V9\Tyuiu.DewjaterikowaAA.Sprint6.Task2.V9.csproj", "{3120A654-CE6F-4344-AF63-75DE84680AF4}"
EndProject
Project("{2150E333-8FDC-42A3-9474-1A3956D46DE8}") = "Task3", "Task3", "{47936372-9519-40BA-B37C-055FD9CF9A52}"
EndProject
Project("{FAE04EC0-301F-11D3-BF4B-00C04F79EFBC}") = "Tyuiu.DewjaterikowaAA.Sprint6.Task3.V28.Lib", "Tyuiu.DewjaterikowaAA.Sprint6.Task3.V28.Lib\Tyuiu.DewjaterikowaAA.Sprint6.Task3.V28.Lib.csproj", "{DD75E5B7-97D4-46E6-957E-969F8DD58029}"
EndProject
Project("{FAE04EC0-301F-11D3-BF4B-00C04F79EFBC}") = "Tyuiu.DewjaterikowaAA.Sprint6.Task3.V28.Test", "Tyuiu.DewjaterikowaAA.Sprint6.Task3.V28.Test\Tyuiu.DewjaterikowaAA.Sprint6.Task3.V28.Test.csproj", "{3CA9D34A-F7CC-44A6-BB2E-43E47FBE273F}"
EndProject
Project("{FAE04EC0-301F-11D3-BF4B-00C04F79EFBC}") = "Tyuiu.DewjaterikowaAA.Sprint6.Task3.V28", "Tyuiu.DewjaterikowaAA.Sprint6.Task3.V28\Tyuiu.DewjaterikowaAA.Sprint6.Task3.V28.csproj", "{A87F956A-5FB9-4748-BF0A-146316C6308A}"
EndProject
Project("{2150E333-8FDC-42A3-9474-1A3956D46DE8}") = "Task4", "Task4", "{2DB7B92D-AB26-4E6D-9A0E-21C8F77F81CB}"
EndProject
Project("{FAE04EC0-301F-11D3-BF4B-00C04F79EFBC}") = "Tyuiu.DewjaterikowaAA.Sprint6.Task4.V29.Lib", "Tyuiu.DewjaterikowaAA.Sprint6.Task4.V29.Lib\Tyuiu.DewjaterikowaAA.Sprint6.Task4.V29.Lib.csproj", "{366A68B4-A385-4A13-8AC1-2805D2443107}"
EndProject
Project("{FAE04EC0-301F-11D3-BF4B-00C04F79EFBC}") = "Tyuiu.DewjaterikowaAA.Sprint6.Task4.V29.Test", "Tyuiu.DewjaterikowaAA.Sprint6.Task4.V29.Test\Tyuiu.DewjaterikowaAA.Sprint6.Task4.V29.Test.csproj", "{0A3D8A2D-B801-4564-BADB-F8A78D044A8D}"
EndProject
Project("{FAE04EC0-301F-11D3-BF4B-00C04F79EFBC}") = "Tyuiu.DewjaterikowaAA.Sprint6.Task4.V29", "Tyuiu.DewjaterikowaAA.Sprint6.Task4.V29\Tyuiu.DewjaterikowaAA.Sprint6.Task4.V29.csproj", "{E69397E1-E1A3-4186-9CE8-CBDFA7954ADB}"
EndProject
Global
	GlobalSection(SolutionConfigurationPlatforms) = preSolution
		Debug|Any CPU = Debug|Any CPU
		Release|Any CPU = Release|Any CPU
	EndGlobalSection
	GlobalSection(ProjectConfigurationPlatforms) = postSolution
		{8BCC41B8-44E9-4795-81D1-329D293A26F9}.Debug|Any CPU.ActiveCfg = Debug|Any CPU
		{8BCC41B8-44E9-4795-81D1-329D293A26F9}.Debug|Any CPU.Build.0 = Debug|Any CPU
		{8BCC41B8-44E9-4795-81D1-329D293A26F9}.Release|Any CPU.ActiveCfg = Release|Any CPU
		{8BCC41B8-44E9-4795-81D1-329D293A26F9}.Release|Any CPU.Build.0 = Release|Any CPU
		{C0B8319E-3E05-4088-8939-D7E6D76F32CC}.Debug|Any CPU.ActiveCfg = Debug|Any CPU
		{C0B8319E-3E05-4088-8939-D7E6D76F32CC}.Debug|Any CPU.Build.0 = Debug|Any CPU
		{C0B8319E-3E05-4088-8939-D7E6D76F32CC}.Release|Any CPU.ActiveCfg = Release|Any CPU
		{C0B8319E-3E05-4088-8939-D7E6D76F32CC}.Release|Any CPU.Build.0 = Release|Any CPU
		{4E764C2E-6DC3-477D-BAD1-72E1E95E36A2}.Debug|Any CPU.ActiveCfg = Debug|Any CPU
		{4E764C2E-6DC3-477D-BAD1-72E1E95E36A2}.Debug|Any CPU.Build.0 = Debug|Any CPU
		{4E764C2E-6DC3-477D-BAD1-72E1E95E36A2}.Release|Any CPU.ActiveCfg = Release|Any CPU
		{4E764C2E-6DC3-477D-BAD1-72E1E95E36A2}.Release|Any CPU.Build.0 = Release|Any CPU
		{9DD647D0-2A60-4450-AD27-5EDFFD8A0FF8}.Debug|Any CPU.ActiveCfg = Debug|Any CPU
		{9DD647D0-2A60-4450-AD27-5EDFFD8A0FF8}.Debug|Any CPU.Build.0 = Debug|Any CPU
		{9DD647D0-2A60-4450-AD27-5EDFFD8A0FF8}.Release|Any CPU.ActiveCfg = Release|Any CPU
		{9DD647D0-2A60-4450-AD27-5EDFFD8A0FF8}.Release|Any CPU.Build.0 = Release|Any CPU
		{D5B2295F-3F44-4E5E-9682-ACC2A0606098}.Debug|Any CPU.ActiveCfg = Debug|Any CPU
		{D5B2295F-3F44-4E5E-9682-ACC2A0606098}.Debug|Any CPU.Build.0 = Debug|Any CPU
		{D5B2295F-3F44-4E5E-9682-ACC2A0606098}.Release|Any CPU.ActiveCfg = Release|Any CPU
		{D5B2295F-3F44-4E5E-9682-ACC2A0606098}.Release|Any CPU.Build.0 = Release|Any CPU
		{787ADF6F-E7DA-4B09-A50D-D862662A5761}.Debug|Any CPU.ActiveCfg = Debug|Any CPU
		{787ADF6F-E7DA-4B09-A50D-D862662A5761}.Debug|Any CPU.Build.0 = Debug|Any CPU
		{787ADF6F-E7DA-4B09-A50D-D862662A5761}.Release|Any CPU.ActiveCfg = Release|Any CPU
		{787ADF6F-E7DA-4B09-A50D-D862662A5761}.Release|Any CPU.Build.0 = Release|Any CPU
		{C3042613-6A21-4A13-AE30-17D48ED08C0C}.Debug|Any CPU.ActiveCfg = Debug|Any CPU
		{C3042613-6A21-4A13-AE30-17D48ED08C0C}.Debug|Any CPU.Build.0 = Debug|Any CPU
		{C3042613-6A21-4A13-AE30-17D48ED08C0C}.Release|Any CPU.ActiveCfg = Release|Any CPU
		{C3042613-6A21-4A13-AE30-17D48ED08C0C}.Release|Any CPU.Build.0 = Release|Any CPU
		{26D2269D-30FE-4976-96BD-8502D2D5E0BF}.Debug|Any CPU.ActiveCfg = Debug|Any CPU
		{26D2269D-30FE-4976-96BD-8502D2D5E0BF}.Debug|Any CPU.Build.0 = Debug|Any CPU
		{26D2269D-30FE-4976-96BD-8502D2D5E0BF}.Release|Any CPU.ActiveCfg = Release|Any CPU
		{26D2269D-30FE-4976-96BD-8502D2D5E0BF}.Release|Any CPU.Build.0 = Release|Any CPU
		{3120A654-CE6F-4344-AF63-75DE84680AF4}.Debug|Any CPU.ActiveCfg = Debug|Any CPU
		{3120A654-CE6F-4344-AF63-75DE84680AF4}.Debug|Any CPU.Build.0 = Debug|Any CPU
		{3120A654-CE6F-4344-AF63-75DE84680AF4}.Release|Any CPU.ActiveCfg = Release|Any CPU
		{3120A654-CE6F-4344-AF63-75DE84680AF4}.Release|Any CPU.Build.0 = Release|Any CPU
		{DD75E5B7-97D4-46E6-957E-969F8DD58029}.Debug|Any CPU.ActiveCfg = Debug|Any CPU
		{DD75E5B7-97D4-46E6-957E-969F8DD58029}.Debug|Any CPU.Build.0 = Debug|Any CPU
		{DD75E5B7-97D4-46E6-957E-969F8DD58029}.Release|Any CPU.ActiveCfg = Release|Any CPU
		{DD75E5B7-97D4-46E6-957E-969F8DD58029}.Release|Any CPU.Build.0 = Release|Any CPU
		{3CA9D34A-F7CC-44A6-BB2E-43E47FBE273F}.Debug|Any CPU.ActiveCfg = Debug|Any CPU
		{3CA9D34A-F7CC-44A6-BB2E-43E47FBE273F}.Debug|Any CPU.Build.0 = Debug|Any CPU
		{3CA9D34A-F7CC-44A6-BB2E-43E47FBE273F}.Release|Any CPU.ActiveCfg = Release|Any CPU
		{3CA9D34A-F7CC-44A6-BB2E-43E47FBE273F}.Release|Any CPU.Build.0 = Release|Any CPU
		{A87F956A-5FB9-4748-BF0A-146316C6308A}.Debug|Any CPU.ActiveCfg = Debug|Any CPU
		{A87F956A-5FB9-4748-BF0A-146316C6308A}.Debug|Any CPU.Build.0 = Debug|Any CPU
		{A87F956A-5FB9-4748-BF0A-146316C6308A}.Release|Any CPU.ActiveCfg = Release|Any CPU
		{A87F956A-5FB9-4748-BF0A-146316C6308A}.Release|Any CPU.Build.0 = Release|Any CPU
		{366A68B4-A385-4A13-8AC1-2805D2443107}.Debug|Any CPU.ActiveCfg = Debug|Any CPU
		{366A68B4-A385-4A13-8AC1-2805D2443107}.Debug|Any CPU.Build.0 = Debug|Any CPU
		{366A68B4-A385-4A13-8AC1-2805D2443107}.Release|Any CPU.ActiveCfg = Release|Any CPU
		{366A68B4-A385-4A13-8AC1-2805D2443107}.Release|Any CPU.Build.0 = Release|Any CPU
		{0A3D8A2D-B801-4564-BADB-F8A78D044A8D}.Debug|Any CPU.ActiveCfg = Debug|Any CPU
		{0A3D8A2D-B801-4564-BADB-F8A78D044A8D}.Debug|Any CPU.Build.0 = Debug|Any CPU
		{0A3D8A2D-B801-4564-BADB-F8A78D044A8D}.Release|Any CPU.ActiveCfg = Release|Any CPU
		{0A3D8A2D-B801-4564-BADB-F8A78D044A8D}.Release|Any CPU.Build.0 = Release|Any CPU
		{E69397E1-E1A3-4186-9CE8-CBDFA7954ADB}.Debug|Any CPU.ActiveCfg = Debug|Any CPU
		{E69397E1-E1A3-4186-9CE8-CBDFA7954ADB}.Debug|Any CPU.Build.0 = Debug|Any CPU
		{E69397E1-E1A3-4186-9CE8-CBDFA7954ADB}.Release|Any CPU.ActiveCfg = Release|Any CPU
		{E69397E1-E1A3-4186-9CE8-CBDFA7954ADB}.Release|Any CPU.Build.0 = Release|Any CPU
	EndGlobalSection
	GlobalSection(SolutionProperties) = preSolution
		HideSolutionNode = FALSE
	EndGlobalSection
	GlobalSection(NestedProjects) = preSolution
		{8BCC41B8-44E9-4795-81D1-329D293A26F9} = {02EA681E-C7D8-13C7-8484-4AC65E1B71E8}
		{C0B8319E-3E05-4088-8939-D7E6D76F32CC} = {02EA681E-C7D8-13C7-8484-4AC65E1B71E8}
		{4E764C2E-6DC3-477D-BAD1-72E1E95E36A2} = {02EA681E-C7D8-13C7-8484-4AC65E1B71E8}
		{9DD647D0-2A60-4450-AD27-5EDFFD8A0FF8} = {A4C5EF21-06A4-46B1-858C-A40F1AEC8BD2}
		{D5B2295F-3F44-4E5E-9682-ACC2A0606098} = {A4C5EF21-06A4-46B1-858C-A40F1AEC8BD2}
		{787ADF6F-E7DA-4B09-A50D-D862662A5761} = {A4C5EF21-06A4-46B1-858C-A40F1AEC8BD2}
		{C3042613-6A21-4A13-AE30-17D48ED08C0C} = {7907C74F-A517-4019-873A-60A501D964CF}
		{26D2269D-30FE-4976-96BD-8502D2D5E0BF} = {7907C74F-A517-4019-873A-60A501D964CF}
		{3120A654-CE6F-4344-AF63-75DE84680AF4} = {7907C74F-A517-4019-873A-60A501D964CF}
		{DD75E5B7-97D4-46E6-957E-969F8DD58029} = {47936372-9519-40BA-B37C-055FD9CF9A52}
		{3CA9D34A-F7CC-44A6-BB2E-43E47FBE273F} = {47936372-9519-40BA-B37C-055FD9CF9A52}
		{A87F956A-5FB9-4748-BF0A-146316C6308A} = {47936372-9519-40BA-B37C-055FD9CF9A52}
		{366A68B4-A385-4A13-8AC1-2805D2443107} = {2DB7B92D-AB26-4E6D-9A0E-21C8F77F81CB}
		{0A3D8A2D-B801-4564-BADB-F8A78D044A8D} = {2DB7B92D-AB26-4E6D-9A0E-21C8F77F81CB}
		{E69397E1-E1A3-4186-9CE8-CBDFA7954ADB} = {2DB7B92D-AB26-4E6D-9A0E-21C8F77F81CB}
	EndGlobalSection
	GlobalSection(ExtensibilityGlobals) = postSolution
		SolutionGuid = {F67C272E-7BCD-4F66-843C-A540F3B873A4}
	EndGlobalSection
EndGlobal
